github.com/agent-ecosystem/agentminutes v0.1.0 h1:u9XP9TIzOfaRjHHCFFYzPQnamZ1N6zeiImHK7v/wkCI=
github.com/agent-ecosystem/agentminutes v0.1.0/go.mod h1:6RkiHACDSaTdX85FMQksqY6P7Cl419mmUIv6Sdwh3Jc=
github.com/agent-ecosystem/agentminutes v0.3.0 h1:/MSL+Ntb/bC3jUskaFma4UpWXEyInKItEQDaTZbb3Hg=
github.com/agent-ecosystem/agentminutes v0.3.0/go.mod h1:p+LDifUwuOX1G8hF/wcUyLnHyQVL72w7IIIAHKUup6s=
github.com/agent-ecosystem/agentsummons v0.1.0 h1:3M9xkkmZRiufwFNz8Lz5yrS+VWpOwrY470+u/4tbPLQ=
github.com/agent-ecosystem/agentsummons v0.1.0/go.mod h1:fLKz+G0kl1lojOQUHZt8Yno/NF+f0FsRiMm4yJ11sJQ=
github.com/agent-ecosystem/agentsummons v0.3.0 h1:6XJ6HWNWdVv0zPC/KVTK/vixoWdJt8W4MGYmhn0PemM=
github.com/agent-ecosystem/agentsummons v0.3.0/go.mod h1:fLKz+G0kl1lojOQUHZt8Yno/NF+f0FsRiMm4yJ11sJQ=
