github.com/agent-ecosystem/agentminutes v0.4.0 h1:gpXUTdDaPRJZMoOwqXBTRlfQXVJjt/I96euzRVswnHw=
github.com/agent-ecosystem/agentminutes v0.4.0/go.mod h1:PPu/5khJu5u5EoOXGQKAATPfQnnpVchSpsJshKITHvk=
github.com/agent-ecosystem/agentsummons v0.3.2 h1:S+Au//i1De9t7ECH/wuvf/mspbhSVmRTuCbaJ3q0mBQ=
github.com/agent-ecosystem/agentsummons v0.3.2/go.mod h1:fLKz+G0kl1lojOQUHZt8Yno/NF+f0FsRiMm4yJ11sJQ=
